{
  "pins" : [
    {
      "identity" : "comp7005finalprojectcommonlib",
      "kind" : "remoteSourceControl",
      "location" : "https://github.com/raymondxxu/Comp7005FinalProjectCommonLib",
      "state" : {
        "branch" : "main",
        "revision" : "cfa9fbacd5464b01b559515f11dbc5199a1eba21"
      }
    },
    {
      "identity" : "comp7005finalprojectsocket",
      "kind" : "remoteSourceControl",
      "location" : "https://github.com/raymondxxu/Comp7005FinalProjectSocket",
      "state" : {
        "branch" : "main",
        "revision" : "9e5716dffeef54dcb3c5773a7c63f27514c06756"
      }
    }
  ],
  "version" : 2
}
