{
  "pins" : [
    {
      "identity" : "comp7005finalprojectcommonlib",
      "kind" : "remoteSourceControl",
      "location" : "https://github.com/raymondxxu/Comp7005FinalProjectCommonLib",
      "state" : {
        "branch" : "main",
        "revision" : "bf969072a6f1c907a8ff34c8d96f9862b509a94d"
      }
    },
    {
      "identity" : "comp7005finalprojectsocket",
      "kind" : "remoteSourceControl",
      "location" : "https://github.com/raymondxxu/Comp7005FinalProjectSocket",
      "state" : {
        "branch" : "main",
        "revision" : "9e5716dffeef54dcb3c5773a7c63f27514c06756"
      }
    }
  ],
  "version" : 2
}
